
Microsoft Visual Studio Solution File, Format Version 12.00
# Visual Studio Version 17
VisualStudioVersion = 17.5.33516.290
MinimumVisualStudioVersion = 10.0.40219.1
Project("{FAE04EC0-301F-11D3-BF4B-00C04F79EFBC}") = "PoC-Innovación", "PoC-Innovación\PoC-Innovación.csproj", "{92C4B169-F8F6-47BA-8F69-FE4D2C6F2716}"
EndProject
Project("{FAE04EC0-301F-11D3-BF4B-00C04F79EFBC}") = "Infraestructure", "Infraestructure\Infraestructure.csproj", "{6913CBAA-1766-4B2F-A86B-FF6F16EDC6C0}"
EndProject
Project("{FAE04EC0-301F-11D3-BF4B-00C04F79EFBC}") = "Application", "Application\Application.csproj", "{3421ECD3-F389-4C22-8612-3976572D38BF}"
EndProject
Project("{FAE04EC0-301F-11D3-BF4B-00C04F79EFBC}") = "Domain", "Domain\Domain.csproj", "{6D4BD6CD-0E63-4D3C-B41C-CAB14AB05E53}"
EndProject
Global
	GlobalSection(SolutionConfigurationPlatforms) = preSolution
		Debug|Any CPU = Debug|Any CPU
		Release|Any CPU = Release|Any CPU
	EndGlobalSection
	GlobalSection(ProjectConfigurationPlatforms) = postSolution
		{92C4B169-F8F6-47BA-8F69-FE4D2C6F2716}.Debug|Any CPU.ActiveCfg = Debug|Any CPU
		{92C4B169-F8F6-47BA-8F69-FE4D2C6F2716}.Debug|Any CPU.Build.0 = Debug|Any CPU
		{92C4B169-F8F6-47BA-8F69-FE4D2C6F2716}.Release|Any CPU.ActiveCfg = Release|Any CPU
		{92C4B169-F8F6-47BA-8F69-FE4D2C6F2716}.Release|Any CPU.Build.0 = Release|Any CPU
		{6913CBAA-1766-4B2F-A86B-FF6F16EDC6C0}.Debug|Any CPU.ActiveCfg = Debug|Any CPU
		{6913CBAA-1766-4B2F-A86B-FF6F16EDC6C0}.Debug|Any CPU.Build.0 = Debug|Any CPU
		{6913CBAA-1766-4B2F-A86B-FF6F16EDC6C0}.Release|Any CPU.ActiveCfg = Release|Any CPU
		{6913CBAA-1766-4B2F-A86B-FF6F16EDC6C0}.Release|Any CPU.Build.0 = Release|Any CPU
		{3421ECD3-F389-4C22-8612-3976572D38BF}.Debug|Any CPU.ActiveCfg = Debug|Any CPU
		{3421ECD3-F389-4C22-8612-3976572D38BF}.Debug|Any CPU.Build.0 = Debug|Any CPU
		{3421ECD3-F389-4C22-8612-3976572D38BF}.Release|Any CPU.ActiveCfg = Release|Any CPU
		{3421ECD3-F389-4C22-8612-3976572D38BF}.Release|Any CPU.Build.0 = Release|Any CPU
		{6D4BD6CD-0E63-4D3C-B41C-CAB14AB05E53}.Debug|Any CPU.ActiveCfg = Debug|Any CPU
		{6D4BD6CD-0E63-4D3C-B41C-CAB14AB05E53}.Debug|Any CPU.Build.0 = Debug|Any CPU
		{6D4BD6CD-0E63-4D3C-B41C-CAB14AB05E53}.Release|Any CPU.ActiveCfg = Release|Any CPU
		{6D4BD6CD-0E63-4D3C-B41C-CAB14AB05E53}.Release|Any CPU.Build.0 = Release|Any CPU
	EndGlobalSection
	GlobalSection(SolutionProperties) = preSolution
		HideSolutionNode = FALSE
	EndGlobalSection
	GlobalSection(ExtensibilityGlobals) = postSolution
		SolutionGuid = {9E2E301E-D6CB-4D90-BE8F-307987506DB1}
	EndGlobalSection
EndGlobal
